
Microsoft Visual Studio Solution File, Format Version 12.00
# Visual Studio Version 16
VisualStudioVersion = 16.0.31112.23
MinimumVisualStudioVersion = 10.0.40219.1
Project("{FAE04EC0-301F-11D3-BF4B-00C04F79EFBC}") = "Seção 15 - Aula 212 - Exercício", "Seção 15 - Aula 212 - Exercício\Seção 15 - Aula 212 - Exercício.csproj", "{64AD6E78-A3B1-4BD8-BDA0-C963222DCDA3}"
EndProject
Global
	GlobalSection(SolutionConfigurationPlatforms) = preSolution
		Debug|Any CPU = Debug|Any CPU
		Release|Any CPU = Release|Any CPU
	EndGlobalSection
	GlobalSection(ProjectConfigurationPlatforms) = postSolution
		{64AD6E78-A3B1-4BD8-BDA0-C963222DCDA3}.Debug|Any CPU.ActiveCfg = Debug|Any CPU
		{64AD6E78-A3B1-4BD8-BDA0-C963222DCDA3}.Debug|Any CPU.Build.0 = Debug|Any CPU
		{64AD6E78-A3B1-4BD8-BDA0-C963222DCDA3}.Release|Any CPU.ActiveCfg = Release|Any CPU
		{64AD6E78-A3B1-4BD8-BDA0-C963222DCDA3}.Release|Any CPU.Build.0 = Release|Any CPU
	EndGlobalSection
	GlobalSection(SolutionProperties) = preSolution
		HideSolutionNode = FALSE
	EndGlobalSection
	GlobalSection(ExtensibilityGlobals) = postSolution
		SolutionGuid = {5A806704-C32E-4040-986B-97BFAF564ACE}
	EndGlobalSection
EndGlobal
