
Microsoft Visual Studio Solution File, Format Version 12.00
# Visual Studio Version 16
VisualStudioVersion = 16.0.31112.23
MinimumVisualStudioVersion = 10.0.40219.1
Project("{FAE04EC0-301F-11D3-BF4B-00C04F79EFBC}") = "Alugando quartos", "Alugando quartos\Alugando quartos.csproj", "{C736BA43-7BE8-4555-A1E6-AC0177600554}"
EndProject
Global
	GlobalSection(SolutionConfigurationPlatforms) = preSolution
		Debug|Any CPU = Debug|Any CPU
		Release|Any CPU = Release|Any CPU
	EndGlobalSection
	GlobalSection(ProjectConfigurationPlatforms) = postSolution
		{C736BA43-7BE8-4555-A1E6-AC0177600554}.Debug|Any CPU.ActiveCfg = Debug|Any CPU
		{C736BA43-7BE8-4555-A1E6-AC0177600554}.Debug|Any CPU.Build.0 = Debug|Any CPU
		{C736BA43-7BE8-4555-A1E6-AC0177600554}.Release|Any CPU.ActiveCfg = Release|Any CPU
		{C736BA43-7BE8-4555-A1E6-AC0177600554}.Release|Any CPU.Build.0 = Release|Any CPU
	EndGlobalSection
	GlobalSection(SolutionProperties) = preSolution
		HideSolutionNode = FALSE
	EndGlobalSection
	GlobalSection(ExtensibilityGlobals) = postSolution
		SolutionGuid = {ED580907-C932-4125-BF92-1B0B8B7D1F37}
	EndGlobalSection
EndGlobal
