
Microsoft Visual Studio Solution File, Format Version 12.00
# Visual Studio Version 16
VisualStudioVersion = 16.0.31112.23
MinimumVisualStudioVersion = 10.0.40219.1
Project("{FAE04EC0-301F-11D3-BF4B-00C04F79EFBC}") = "Seção 10 - Aula 131 - Exercício", "Seção 10 - Aula 131 - Exercício\Seção 10 - Aula 131 - Exercício.csproj", "{448B9408-EC03-4478-A2EE-D85BCCA43CEB}"
EndProject
Global
	GlobalSection(SolutionConfigurationPlatforms) = preSolution
		Debug|Any CPU = Debug|Any CPU
		Release|Any CPU = Release|Any CPU
	EndGlobalSection
	GlobalSection(ProjectConfigurationPlatforms) = postSolution
		{448B9408-EC03-4478-A2EE-D85BCCA43CEB}.Debug|Any CPU.ActiveCfg = Debug|Any CPU
		{448B9408-EC03-4478-A2EE-D85BCCA43CEB}.Debug|Any CPU.Build.0 = Debug|Any CPU
		{448B9408-EC03-4478-A2EE-D85BCCA43CEB}.Release|Any CPU.ActiveCfg = Release|Any CPU
		{448B9408-EC03-4478-A2EE-D85BCCA43CEB}.Release|Any CPU.Build.0 = Release|Any CPU
	EndGlobalSection
	GlobalSection(SolutionProperties) = preSolution
		HideSolutionNode = FALSE
	EndGlobalSection
	GlobalSection(ExtensibilityGlobals) = postSolution
		SolutionGuid = {B020CFB8-94D1-43C3-8582-FE2A84911D4C}
	EndGlobalSection
EndGlobal
